
Microsoft Visual Studio Solution File, Format Version 12.00
# Visual Studio 15
VisualStudioVersion = 15.0.27703.2018
MinimumVisualStudioVersion = 10.0.40219.1
Project("{FAE04EC0-301F-11D3-BF4B-00C04F79EFBC}") = "IrisClassifier", "IrisClassifier\IrisClassifier.csproj", "{5C0835B8-B14E-428C-A1A2-F49186FE6F2A}"
EndProject
Project("{FAE04EC0-301F-11D3-BF4B-00C04F79EFBC}") = "TaxiFarePredictor", "TaxiFarePredictor\TaxiFarePredictor.csproj", "{C59B05D5-A052-40BA-9C61-07555C0B48A5}"
EndProject
Global
	GlobalSection(SolutionConfigurationPlatforms) = preSolution
		Debug|Any CPU = Debug|Any CPU
		Release|Any CPU = Release|Any CPU
	EndGlobalSection
	GlobalSection(ProjectConfigurationPlatforms) = postSolution
		{5C0835B8-B14E-428C-A1A2-F49186FE6F2A}.Debug|Any CPU.ActiveCfg = Debug|Any CPU
		{5C0835B8-B14E-428C-A1A2-F49186FE6F2A}.Debug|Any CPU.Build.0 = Debug|Any CPU
		{5C0835B8-B14E-428C-A1A2-F49186FE6F2A}.Release|Any CPU.ActiveCfg = Release|Any CPU
		{5C0835B8-B14E-428C-A1A2-F49186FE6F2A}.Release|Any CPU.Build.0 = Release|Any CPU
		{C59B05D5-A052-40BA-9C61-07555C0B48A5}.Debug|Any CPU.ActiveCfg = Debug|Any CPU
		{C59B05D5-A052-40BA-9C61-07555C0B48A5}.Debug|Any CPU.Build.0 = Debug|Any CPU
		{C59B05D5-A052-40BA-9C61-07555C0B48A5}.Release|Any CPU.ActiveCfg = Release|Any CPU
		{C59B05D5-A052-40BA-9C61-07555C0B48A5}.Release|Any CPU.Build.0 = Release|Any CPU
	EndGlobalSection
	GlobalSection(SolutionProperties) = preSolution
		HideSolutionNode = FALSE
	EndGlobalSection
	GlobalSection(ExtensibilityGlobals) = postSolution
		SolutionGuid = {27116BB9-2756-44B4-A22E-7361A3514EEB}
	EndGlobalSection
EndGlobal
